// !$*UTF8*$!
{
	archiveVersion = 1;
	classes = {
	};
	objectVersion = 48;
	objects = {

/* Begin PBXBuildFile section */
		DDA9137D2050E69200DB4148 /* AppDelegate.swift in Sources */ = {isa = PBXBuildFile; fileRef = DDA9137C2050E69200DB4148 /* AppDelegate.swift */; };
		DDA9137F2050E69200DB4148 /* ViewController.swift in Sources */ = {isa = PBXBuildFile; fileRef = DDA9137E2050E69200DB4148 /* ViewController.swift */; };
		DDA913822050E69200DB4148 /* Main.storyboard in Resources */ = {isa = PBXBuildFile; fileRef = DDA913802050E69200DB4148 /* Main.storyboard */; };
		DDA913852050E69200DB4148 /* AudioVideo_App.xcdatamodeld in Sources */ = {isa = PBXBuildFile; fileRef = DDA913832050E69200DB4148 /* AudioVideo_App.xcdatamodeld */; };
		DDA913872050E69200DB4148 /* Assets.xcassets in Resources */ = {isa = PBXBuildFile; fileRef = DDA913862050E69200DB4148 /* Assets.xcassets */; };
		DDA9138A2050E69200DB4148 /* LaunchScreen.storyboard in Resources */ = {isa = PBXBuildFile; fileRef = DDA913882050E69200DB4148 /* LaunchScreen.storyboard */; };
		DDA913922050E6B800DB4148 /* GradientView.swift in Sources */ = {isa = PBXBuildFile; fileRef = DDA913912050E6B800DB4148 /* GradientView.swift */; };
		DDA913952050E93F00DB4148 /* AVFoundation.framework in Frameworks */ = {isa = PBXBuildFile; fileRef = DDA913942050E93500DB4148 /* AVFoundation.framework */; };
		DDA913972050F0D200DB4148 /* omar.mp3 in Resources */ = {isa = PBXBuildFile; fileRef = DDA913962050F0D200DB4148 /* omar.mp3 */; };
/* End PBXBuildFile section */

/* Begin PBXFileReference section */
		DDA913792050E69200DB4148 /* AudioVideo-App.app */ = {isa = PBXFileReference; explicitFileType = wrapper.application; includeInIndex = 0; path = "AudioVideo-App.app"; sourceTree = BUILT_PRODUCTS_DIR; };
		DDA9137C2050E69200DB4148 /* AppDelegate.swift */ = {isa = PBXFileReference; lastKnownFileType = sourcecode.swift; path = AppDelegate.swift; sourceTree = "<group>"; };
		DDA9137E2050E69200DB4148 /* ViewController.swift */ = {isa = PBXFileReference; lastKnownFileType = sourcecode.swift; path = ViewController.swift; sourceTree = "<group>"; };
		DDA913812050E69200DB4148 /* Base */ = {isa = PBXFileReference; lastKnownFileType = file.storyboard; name = Base; path = Base.lproj/Main.storyboard; sourceTree = "<group>"; };
		DDA913842050E69200DB4148 /* AudioVideo_App.xcdatamodel */ = {isa = PBXFileReference; lastKnownFileType = wrapper.xcdatamodel; path = AudioVideo_App.xcdatamodel; sourceTree = "<group>"; };
		DDA913862050E69200DB4148 /* Assets.xcassets */ = {isa = PBXFileReference; lastKnownFileType = folder.assetcatalog; path = Assets.xcassets; sourceTree = "<group>"; };
		DDA913892050E69200DB4148 /* Base */ = {isa = PBXFileReference; lastKnownFileType = file.storyboard; name = Base; path = Base.lproj/LaunchScreen.storyboard; sourceTree = "<group>"; };
		DDA9138B2050E69200DB4148 /* Info.plist */ = {isa = PBXFileReference; lastKnownFileType = text.plist.xml; path = Info.plist; sourceTree = "<group>"; };
		DDA913912050E6B800DB4148 /* GradientView.swift */ = {isa = PBXFileReference; lastKnownFileType = sourcecode.swift; path = GradientView.swift; sourceTree = "<group>"; };
		DDA913942050E93500DB4148 /* AVFoundation.framework */ = {isa = PBXFileReference; lastKnownFileType = wrapper.framework; name = AVFoundation.framework; path = System/Library/Frameworks/AVFoundation.framework; sourceTree = SDKROOT; };
		DDA913962050F0D200DB4148 /* omar.mp3 */ = {isa = PBXFileReference; lastKnownFileType = audio.mp3; path = omar.mp3; sourceTree = "<group>"; };
/* End PBXFileReference section */

/* Begin PBXFrameworksBuildPhase section */
		DDA913762050E69200DB4148 /* Frameworks */ = {
			isa = PBXFrameworksBuildPhase;
			buildActionMask = 2147483647;
			files = (
				DDA913952050E93F00DB4148 /* AVFoundation.framework in Frameworks */,
			);
			runOnlyForDeploymentPostprocessing = 0;
		};
/* End PBXFrameworksBuildPhase section */

/* Begin PBXGroup section */
		DDA913702050E69200DB4148 = {
			isa = PBXGroup;
			children = (
				DDA9137B2050E69200DB4148 /* AudioVideo-App */,
				DDA9137A2050E69200DB4148 /* Products */,
				DDA913932050E93500DB4148 /* Frameworks */,
			);
			sourceTree = "<group>";
		};
		DDA9137A2050E69200DB4148 /* Products */ = {
			isa = PBXGroup;
			children = (
				DDA913792050E69200DB4148 /* AudioVideo-App.app */,
			);
			name = Products;
			sourceTree = "<group>";
		};
		DDA9137B2050E69200DB4148 /* AudioVideo-App */ = {
			isa = PBXGroup;
			children = (
				DDA9137C2050E69200DB4148 /* AppDelegate.swift */,
				DDA9137E2050E69200DB4148 /* ViewController.swift */,
				DDA913912050E6B800DB4148 /* GradientView.swift */,
				DDA913802050E69200DB4148 /* Main.storyboard */,
				DDA913862050E69200DB4148 /* Assets.xcassets */,
				DDA913962050F0D200DB4148 /* omar.mp3 */,
				DDA913882050E69200DB4148 /* LaunchScreen.storyboard */,
				DDA9138B2050E69200DB4148 /* Info.plist */,
				DDA913832050E69200DB4148 /* AudioVideo_App.xcdatamodeld */,
			);
			path = "AudioVideo-App";
			sourceTree = "<group>";
		};
		DDA913932050E93500DB4148 /* Frameworks */ = {
			isa = PBXGroup;
			children = (
				DDA913942050E93500DB4148 /* AVFoundation.framework */,
			);
			name = Frameworks;
			sourceTree = "<group>";
		};
/* End PBXGroup section */

/* Begin PBXNativeTarget section */
		DDA913782050E69200DB4148 /* AudioVideo-App */ = {
			isa = PBXNativeTarget;
			buildConfigurationList = DDA9138E2050E69200DB4148 /* Build configuration list for PBXNativeTarget "AudioVideo-App" */;
			buildPhases = (
				DDA913752050E69200DB4148 /* Sources */,
				DDA913762050E69200DB4148 /* Frameworks */,
				DDA913772050E69200DB4148 /* Resources */,
			);
			buildRules = (
			);
			dependencies = (
			);
			name = "AudioVideo-App";
			productName = "AudioVideo-App";
			productReference = DDA913792050E69200DB4148 /* AudioVideo-App.app */;
			productType = "com.apple.product-type.application";
		};
/* End PBXNativeTarget section */

/* Begin PBXProject section */
		DDA913712050E69200DB4148 /* Project object */ = {
			isa = PBXProject;
			attributes = {
				LastSwiftUpdateCheck = 0910;
				LastUpgradeCheck = 0910;
				ORGANIZATIONNAME = "Hassan Mostafa";
				TargetAttributes = {
					DDA913782050E69200DB4148 = {
						CreatedOnToolsVersion = 9.1;
						ProvisioningStyle = Automatic;
					};
				};
			};
			buildConfigurationList = DDA913742050E69200DB4148 /* Build configuration list for PBXProject "AudioVideo-App" */;
			compatibilityVersion = "Xcode 8.0";
			developmentRegion = en;
			hasScannedForEncodings = 0;
			knownRegions = (
				en,
				Base,
			);
			mainGroup = DDA913702050E69200DB4148;
			productRefGroup = DDA9137A2050E69200DB4148 /* Products */;
			projectDirPath = "";
			projectRoot = "";
			targets = (
				DDA913782050E69200DB4148 /* AudioVideo-App */,
			);
		};
/* End PBXProject section */

/* Begin PBXResourcesBuildPhase section */
		DDA913772050E69200DB4148 /* Resources */ = {
			isa = PBXResourcesBuildPhase;
			buildActionMask = 2147483647;
			files = (
				DDA9138A2050E69200DB4148 /* LaunchScreen.storyboard in Resources */,
				DDA913872050E69200DB4148 /* Assets.xcassets in Resources */,
				DDA913822050E69200DB4148 /* Main.storyboard in Resources */,
				DDA913972050F0D200DB4148 /* omar.mp3 in Resources */,
			);
			runOnlyForDeploymentPostprocessing = 0;
		};
/* End PBXResourcesBuildPhase section */

/* Begin PBXSourcesBuildPhase section */
		DDA913752050E69200DB4148 /* Sources */ = {
			isa = PBXSourcesBuildPhase;
			buildActionMask = 2147483647;
			files = (
				DDA913852050E69200DB4148 /* AudioVideo_App.xcdatamodeld in Sources */,
				DDA9137F2050E69200DB4148 /* ViewController.swift in Sources */,
				DDA913922050E6B800DB4148 /* GradientView.swift in Sources */,
				DDA9137D2050E69200DB4148 /* AppDelegate.swift in Sources */,
			);
			runOnlyForDeploymentPostprocessing = 0;
		};
/* End PBXSourcesBuildPhase section */

/* Begin PBXVariantGroup section */
		DDA913802050E69200DB4148 /* Main.storyboard */ = {
			isa = PBXVariantGroup;
			children = (
				DDA913812050E69200DB4148 /* Base */,
			);
			name = Main.storyboard;
			sourceTree = "<group>";
		};
		DDA913882050E69200DB4148 /* LaunchScreen.storyboard */ = {
			isa = PBXVariantGroup;
			children = (
				DDA913892050E69200DB4148 /* Base */,
			);
			name = LaunchScreen.storyboard;
			sourceTree = "<group>";
		};
/* End PBXVariantGroup section */

/* Begin XCBuildConfiguration section */
		DDA9138C2050E69200DB4148 /* Debug */ = {
			isa = XCBuildConfiguration;
			buildSettings = {
				ALWAYS_SEARCH_USER_PATHS = NO;
				CLANG_ANALYZER_NONNULL = YES;
				CLANG_ANALYZER_NUMBER_OBJECT_CONVERSION = YES_AGGRESSIVE;
				CLANG_CXX_LANGUAGE_STANDARD = "gnu++14";
				CLANG_CXX_LIBRARY = "libc++";
				CLANG_ENABLE_MODULES = YES;
				CLANG_ENABLE_OBJC_ARC = YES;
				CLANG_WARN_BLOCK_CAPTURE_AUTORELEASING = YES;
				CLANG_WARN_BOOL_CONVERSION = YES;
				CLANG_WARN_COMMA = YES;
				CLANG_WARN_CONSTANT_CONVERSION = YES;
				CLANG_WARN_DIRECT_OBJC_ISA_USAGE = YES_ERROR;
				CLANG_WARN_DOCUMENTATION_COMMENTS = YES;
				CLANG_WARN_EMPTY_BODY = YES;
				CLANG_WARN_ENUM_CONVERSION = YES;
				CLANG_WARN_INFINITE_RECURSION = YES;
				CLANG_WARN_INT_CONVERSION = YES;
				CLANG_WARN_NON_LITERAL_NULL_CONVERSION = YES;
				CLANG_WARN_OBJC_LITERAL_CONVERSION = YES;
				CLANG_WARN_OBJC_ROOT_CLASS = YES_ERROR;
				CLANG_WARN_RANGE_LOOP_ANALYSIS = YES;
				CLANG_WARN_STRICT_PROTOTYPES = YES;
				CLANG_WARN_SUSPICIOUS_MOVE = YES;
				CLANG_WARN_UNGUARDED_AVAILABILITY = YES_AGGRESSIVE;
				CLANG_WARN_UNREACHABLE_CODE = YES;
				CLANG_WARN__DUPLICATE_METHOD_MATCH = YES;
				CODE_SIGN_IDENTITY = "iPhone Developer";
				COPY_PHASE_STRIP = NO;
				DEBUG_INFORMATION_FORMAT = dwarf;
				ENABLE_STRICT_OBJC_MSGSEND = YES;
				ENABLE_TESTABILITY = YES;
				GCC_C_LANGUAGE_STANDARD = gnu11;
				GCC_DYNAMIC_NO_PIC = NO;
				GCC_NO_COMMON_BLOCKS = YES;
				GCC_OPTIMIZATION_LEVEL = 0;
				GCC_PREPROCESSOR_DEFINITIONS = (
					"DEBUG=1",
					"$(inherited)",
				);
				GCC_WARN_64_TO_32_BIT_CONVERSION = YES;
				GCC_WARN_ABOUT_RETURN_TYPE = YES_ERROR;
				GCC_WARN_UNDECLARED_SELECTOR = YES;
				GCC_WARN_UNINITIALIZED_AUTOS = YES_AGGRESSIVE;
				GCC_WARN_UNUSED_FUNCTION = YES;
				GCC_WARN_UNUSED_VARIABLE = YES;
				IPHONEOS_DEPLOYMENT_TARGET = 11.1;
				MTL_ENABLE_DEBUG_INFO = YES;
				ONLY_ACTIVE_ARCH = YES;
				SDKROOT = iphoneos;
				SWIFT_ACTIVE_COMPILATION_CONDITIONS = DEBUG;
				SWIFT_OPTIMIZATION_LEVEL = "-Onone";
			};
			name = Debug;
		};
		DDA9138D2050E69200DB4148 /* Release */ = {
			isa = XCBuildConfiguration;
			buildSettings = {
				ALWAYS_SEARCH_USER_PATHS = NO;
				CLANG_ANALYZER_NONNULL = YES;
				CLANG_ANALYZER_NUMBER_OBJECT_CONVERSION = YES_AGGRESSIVE;
				CLANG_CXX_LANGUAGE_STANDARD = "gnu++14";
				CLANG_CXX_LIBRARY = "libc++";
				CLANG_ENABLE_MODULES = YES;
				CLANG_ENABLE_OBJC_ARC = YES;
				CLANG_WARN_BLOCK_CAPTURE_AUTORELEASING = YES;
				CLANG_WARN_BOOL_CONVERSION = YES;
				CLANG_WARN_COMMA = YES;
				CLANG_WARN_CONSTANT_CONVERSION = YES;
				CLANG_WARN_DIRECT_OBJC_ISA_USAGE = YES_ERROR;
				CLANG_WARN_DOCUMENTATION_COMMENTS = YES;
				CLANG_WARN_EMPTY_BODY = YES;
				CLANG_WARN_ENUM_CONVERSION = YES;
				CLANG_WARN_INFINITE_RECURSION = YES;
				CLANG_WARN_INT_CONVERSION = YES;
				CLANG_WARN_NON_LITERAL_NULL_CONVERSION = YES;
				CLANG_WARN_OBJC_LITERAL_CONVERSION = YES;
				CLANG_WARN_OBJC_ROOT_CLASS = YES_ERROR;
				CLANG_WARN_RANGE_LOOP_ANALYSIS = YES;
				CLANG_WARN_STRICT_PROTOTYPES = YES;
				CLANG_WARN_SUSPICIOUS_MOVE = YES;
				CLANG_WARN_UNGUARDED_AVAILABILITY = YES_AGGRESSIVE;
				CLANG_WARN_UNREACHABLE_CODE = YES;
				CLANG_WARN__DUPLICATE_METHOD_MATCH = YES;
				CODE_SIGN_IDENTITY = "iPhone Developer";
				COPY_PHASE_STRIP = NO;
				DEBUG_INFORMATION_FORMAT = "dwarf-with-dsym";
				ENABLE_NS_ASSERTIONS = NO;
				ENABLE_STRICT_OBJC_MSGSEND = YES;
				GCC_C_LANGUAGE_STANDARD = gnu11;
				GCC_NO_COMMON_BLOCKS = YES;
				GCC_WARN_64_TO_32_BIT_CONVERSION = YES;
				GCC_WARN_ABOUT_RETURN_TYPE = YES_ERROR;
				GCC_WARN_UNDECLARED_SELECTOR = YES;
				GCC_WARN_UNINITIALIZED_AUTOS = YES_AGGRESSIVE;
				GCC_WARN_UNUSED_FUNCTION = YES;
				GCC_WARN_UNUSED_VARIABLE = YES;
				IPHONEOS_DEPLOYMENT_TARGET = 11.1;
				MTL_ENABLE_DEBUG_INFO = NO;
				SDKROOT = iphoneos;
				SWIFT_OPTIMIZATION_LEVEL = "-Owholemodule";
				VALIDATE_PRODUCT = YES;
			};
			name = Release;
		};
		DDA9138F2050E69200DB4148 /* Debug */ = {
			isa = XCBuildConfiguration;
			buildSettings = {
				ASSETCATALOG_COMPILER_APPICON_NAME = AppIcon;
				CODE_SIGN_STYLE = Automatic;
				INFOPLIST_FILE = "AudioVideo-App/Info.plist";
				LD_RUNPATH_SEARCH_PATHS = "$(inherited) @executable_path/Frameworks";
				PRODUCT_BUNDLE_IDENTIFIER = "hassan.AudioVideo-App";
				PRODUCT_NAME = "$(TARGET_NAME)";
				SWIFT_VERSION = 4.0;
				TARGETED_DEVICE_FAMILY = "1,2";
			};
			name = Debug;
		};
		DDA913902050E69200DB4148 /* Release */ = {
			isa = XCBuildConfiguration;
			buildSettings = {
				ASSETCATALOG_COMPILER_APPICON_NAME = AppIcon;
				CODE_SIGN_STYLE = Automatic;
				INFOPLIST_FILE = "AudioVideo-App/Info.plist";
				LD_RUNPATH_SEARCH_PATHS = "$(inherited) @executable_path/Frameworks";
				PRODUCT_BUNDLE_IDENTIFIER = "hassan.AudioVideo-App";
				PRODUCT_NAME = "$(TARGET_NAME)";
				SWIFT_VERSION = 4.0;
				TARGETED_DEVICE_FAMILY = "1,2";
			};
			name = Release;
		};
/* End XCBuildConfiguration section */

/* Begin XCConfigurationList section */
		DDA913742050E69200DB4148 /* Build configuration list for PBXProject "AudioVideo-App" */ = {
			isa = XCConfigurationList;
			buildConfigurations = (
				DDA9138C2050E69200DB4148 /* Debug */,
				DDA9138D2050E69200DB4148 /* Release */,
			);
			defaultConfigurationIsVisible = 0;
			defaultConfigurationName = Release;
		};
		DDA9138E2050E69200DB4148 /* Build configuration list for PBXNativeTarget "AudioVideo-App" */ = {
			isa = XCConfigurationList;
			buildConfigurations = (
				DDA9138F2050E69200DB4148 /* Debug */,
				DDA913902050E69200DB4148 /* Release */,
			);
			defaultConfigurationIsVisible = 0;
			defaultConfigurationName = Release;
		};
/* End XCConfigurationList section */

/* Begin XCVersionGroup section */
		DDA913832050E69200DB4148 /* AudioVideo_App.xcdatamodeld */ = {
			isa = XCVersionGroup;
			children = (
				DDA913842050E69200DB4148 /* AudioVideo_App.xcdatamodel */,
			);
			currentVersion = DDA913842050E69200DB4148 /* AudioVideo_App.xcdatamodel */;
			path = AudioVideo_App.xcdatamodeld;
			sourceTree = "<group>";
			versionGroupType = wrapper.xcdatamodel;
		};
/* End XCVersionGroup section */
	};
	rootObject = DDA913712050E69200DB4148 /* Project object */;
}
